
Microsoft Visual Studio Solution File, Format Version 12.00
# Visual Studio Version 17
VisualStudioVersion = 17.4.33403.182
MinimumVisualStudioVersion = 10.0.40219.1
Project("{2150E333-8FDC-42A3-9474-1A3956D46DE8}") = "SolutionItems", "SolutionItems", "{B019944F-9725-4950-B9FF-893805F3E5A1}"
	ProjectSection(SolutionItems) = preProject
		docker-compose.yml = docker-compose.yml
		settings.ruleset = settings.ruleset
	EndProjectSection
EndProject
Project("{2150E333-8FDC-42A3-9474-1A3956D46DE8}") = "Catalog", "Catalog", "{0AA61616-6742-4B90-BA97-6A11E6B90D48}"
EndProject
Project("{2150E333-8FDC-42A3-9474-1A3956D46DE8}") = "Infrastructure", "Infrastructure", "{C9879AEB-971E-48A2-B481-9B0F1DEC9EF8}"
EndProject
Project("{9A19103F-16F7-4668-BE54-9A1E7A4F7556}") = "Infrastructure", "Infrastructure\Infrastructure\Infrastructure.csproj", "{114CCB72-7F19-42AF-802F-B5C7B995556B}"
EndProject
Project("{2150E333-8FDC-42A3-9474-1A3956D46DE8}") = "Proxy", "Proxy", "{A75EBB25-8320-4A4F-B75B-9A9F824E7480}"
EndProject
Project("{2150E333-8FDC-42A3-9474-1A3956D46DE8}") = "assets", "assets", "{E2DC2F98-DEE8-49BA-9FCA-7C3AC0C41AB9}"
EndProject
Project("{2150E333-8FDC-42A3-9474-1A3956D46DE8}") = "images", "images", "{60CA6574-0961-4E29-A7EB-A271FA3CD66B}"
	ProjectSection(SolutionItems) = preProject
		Proxy\assets\images\csgo_1.png = Proxy\assets\images\csgo_1.png
		Proxy\assets\images\css_1.png = Proxy\assets\images\css_1.png
		Proxy\assets\images\cs_1.png = Proxy\assets\images\cs_1.png
		Proxy\assets\images\cyberpunk_1.png = Proxy\assets\images\cyberpunk_1.png
		Proxy\assets\images\efootball2023_1.png = Proxy\assets\images\efootball2023_1.png
		Proxy\assets\images\eu4_1.png = Proxy\assets\images\eu4_1.png
		Proxy\assets\images\hoi4_1.png = Proxy\assets\images\hoi4_1.png
		Proxy\assets\images\mgs_1.png = Proxy\assets\images\mgs_1.png
		Proxy\assets\images\oninaki_1.png = Proxy\assets\images\oninaki_1.png
		Proxy\assets\images\pes2019_1.png = Proxy\assets\images\pes2019_1.png
		Proxy\assets\images\sengoku_1.png = Proxy\assets\images\sengoku_1.png
		Proxy\assets\images\stalker2_1.png = Proxy\assets\images\stalker2_1.png
		Proxy\assets\images\stalkerCall_1.png = Proxy\assets\images\stalkerCall_1.png
		Proxy\assets\images\victoria3_1.png = Proxy\assets\images\victoria3_1.png
		Proxy\assets\images\witcher3_1.png = Proxy\assets\images\witcher3_1.png
	EndProjectSection
EndProject
Project("{2150E333-8FDC-42A3-9474-1A3956D46DE8}") = "gateway", "gateway", "{2F7BF42E-1A6A-40C5-87F2-36B17A846593}"
EndProject
Project("{2150E333-8FDC-42A3-9474-1A3956D46DE8}") = "nginx", "nginx", "{241C043D-89E6-4B78-878F-BF848850356E}"
EndProject
Project("{2150E333-8FDC-42A3-9474-1A3956D46DE8}") = "conf.d", "conf.d", "{64D1B574-1478-4EB2-86A1-30206E9E3E96}"
	ProjectSection(SolutionItems) = preProject
		Proxy\gateway\nginx\conf.d\default.conf = Proxy\gateway\nginx\conf.d\default.conf
	EndProjectSection
EndProject
Project("{2150E333-8FDC-42A3-9474-1A3956D46DE8}") = "IdentityServer", "IdentityServer", "{16435B08-236A-46D9-B01A-FC1227381168}"
EndProject
Project("{2150E333-8FDC-42A3-9474-1A3956D46DE8}") = "Website", "Website", "{9C63B983-915F-4483-9222-972A5E7E798C}"
EndProject
Project("{9A19103F-16F7-4668-BE54-9A1E7A4F7556}") = "IdentityServer", "IdentityServer\IdentityServer\IdentityServer.csproj", "{B1931F5B-8BF6-4EE0-BAEA-95D4A44C94E5}"
EndProject
Project("{9A19103F-16F7-4668-BE54-9A1E7A4F7556}") = "MVC", "Website\MVC\MVC.csproj", "{900AEDBA-60FC-4BC5-A123-513DEBFEDAA9}"
EndProject
Project("{2150E333-8FDC-42A3-9474-1A3956D46DE8}") = "Basket", "Basket", "{8136EA22-2D38-4018-8DA5-2C71B2BD64FF}"
EndProject
Project("{9A19103F-16F7-4668-BE54-9A1E7A4F7556}") = "Catalog.WebAPI", "Catalog\Catalog.WebAPI\Catalog.WebAPI.csproj", "{EC60D2AB-8CBC-4877-8085-6E807EF0BB86}"
EndProject
Project("{9A19103F-16F7-4668-BE54-9A1E7A4F7556}") = "Basket.WebAPI", "Basket\Basket.WebAPI\Basket.WebAPI.csproj", "{3F2AA80A-BF6E-4FC9-95DD-30A7BC65E1B6}"
EndProject
Project("{9A19103F-16F7-4668-BE54-9A1E7A4F7556}") = "Basket.UnitTests", "Basket\Basket.UnitTests\Basket.UnitTests.csproj", "{D94A166D-2CAD-45E6-98BB-D47C7E7ADD44}"
EndProject
Project("{9A19103F-16F7-4668-BE54-9A1E7A4F7556}") = "Catalog.UnitTests", "Catalog\Catalog.UnitTests\Catalog.UnitTests.csproj", "{14CB8B24-3F2F-40F8-B708-FAB96E8D6BF8}"
EndProject
Project("{9A19103F-16F7-4668-BE54-9A1E7A4F7556}") = "Infrastructure.UnitTests", "Infrastructure\Infrastructure.UnitTests\Infrastructure.UnitTests.csproj", "{4F28EB69-121C-4EC6-813C-16661735BB0D}"
EndProject
Global
	GlobalSection(SolutionConfigurationPlatforms) = preSolution
		Debug|Any CPU = Debug|Any CPU
		Release|Any CPU = Release|Any CPU
	EndGlobalSection
	GlobalSection(ProjectConfigurationPlatforms) = postSolution
		{114CCB72-7F19-42AF-802F-B5C7B995556B}.Debug|Any CPU.ActiveCfg = Debug|Any CPU
		{114CCB72-7F19-42AF-802F-B5C7B995556B}.Debug|Any CPU.Build.0 = Debug|Any CPU
		{114CCB72-7F19-42AF-802F-B5C7B995556B}.Release|Any CPU.ActiveCfg = Release|Any CPU
		{114CCB72-7F19-42AF-802F-B5C7B995556B}.Release|Any CPU.Build.0 = Release|Any CPU
		{B1931F5B-8BF6-4EE0-BAEA-95D4A44C94E5}.Debug|Any CPU.ActiveCfg = Debug|Any CPU
		{B1931F5B-8BF6-4EE0-BAEA-95D4A44C94E5}.Debug|Any CPU.Build.0 = Debug|Any CPU
		{B1931F5B-8BF6-4EE0-BAEA-95D4A44C94E5}.Release|Any CPU.ActiveCfg = Release|Any CPU
		{B1931F5B-8BF6-4EE0-BAEA-95D4A44C94E5}.Release|Any CPU.Build.0 = Release|Any CPU
		{900AEDBA-60FC-4BC5-A123-513DEBFEDAA9}.Debug|Any CPU.ActiveCfg = Debug|Any CPU
		{900AEDBA-60FC-4BC5-A123-513DEBFEDAA9}.Debug|Any CPU.Build.0 = Debug|Any CPU
		{900AEDBA-60FC-4BC5-A123-513DEBFEDAA9}.Release|Any CPU.ActiveCfg = Release|Any CPU
		{900AEDBA-60FC-4BC5-A123-513DEBFEDAA9}.Release|Any CPU.Build.0 = Release|Any CPU
		{EC60D2AB-8CBC-4877-8085-6E807EF0BB86}.Debug|Any CPU.ActiveCfg = Debug|Any CPU
		{EC60D2AB-8CBC-4877-8085-6E807EF0BB86}.Debug|Any CPU.Build.0 = Debug|Any CPU
		{EC60D2AB-8CBC-4877-8085-6E807EF0BB86}.Release|Any CPU.ActiveCfg = Release|Any CPU
		{EC60D2AB-8CBC-4877-8085-6E807EF0BB86}.Release|Any CPU.Build.0 = Release|Any CPU
		{3F2AA80A-BF6E-4FC9-95DD-30A7BC65E1B6}.Debug|Any CPU.ActiveCfg = Debug|Any CPU
		{3F2AA80A-BF6E-4FC9-95DD-30A7BC65E1B6}.Debug|Any CPU.Build.0 = Debug|Any CPU
		{3F2AA80A-BF6E-4FC9-95DD-30A7BC65E1B6}.Release|Any CPU.ActiveCfg = Release|Any CPU
		{3F2AA80A-BF6E-4FC9-95DD-30A7BC65E1B6}.Release|Any CPU.Build.0 = Release|Any CPU
		{D94A166D-2CAD-45E6-98BB-D47C7E7ADD44}.Debug|Any CPU.ActiveCfg = Debug|Any CPU
		{D94A166D-2CAD-45E6-98BB-D47C7E7ADD44}.Debug|Any CPU.Build.0 = Debug|Any CPU
		{D94A166D-2CAD-45E6-98BB-D47C7E7ADD44}.Release|Any CPU.ActiveCfg = Release|Any CPU
		{D94A166D-2CAD-45E6-98BB-D47C7E7ADD44}.Release|Any CPU.Build.0 = Release|Any CPU
		{14CB8B24-3F2F-40F8-B708-FAB96E8D6BF8}.Debug|Any CPU.ActiveCfg = Debug|Any CPU
		{14CB8B24-3F2F-40F8-B708-FAB96E8D6BF8}.Debug|Any CPU.Build.0 = Debug|Any CPU
		{14CB8B24-3F2F-40F8-B708-FAB96E8D6BF8}.Release|Any CPU.ActiveCfg = Release|Any CPU
		{14CB8B24-3F2F-40F8-B708-FAB96E8D6BF8}.Release|Any CPU.Build.0 = Release|Any CPU
		{4F28EB69-121C-4EC6-813C-16661735BB0D}.Debug|Any CPU.ActiveCfg = Debug|Any CPU
		{4F28EB69-121C-4EC6-813C-16661735BB0D}.Debug|Any CPU.Build.0 = Debug|Any CPU
		{4F28EB69-121C-4EC6-813C-16661735BB0D}.Release|Any CPU.ActiveCfg = Release|Any CPU
		{4F28EB69-121C-4EC6-813C-16661735BB0D}.Release|Any CPU.Build.0 = Release|Any CPU
	EndGlobalSection
	GlobalSection(SolutionProperties) = preSolution
		HideSolutionNode = FALSE
	EndGlobalSection
	GlobalSection(NestedProjects) = preSolution
		{114CCB72-7F19-42AF-802F-B5C7B995556B} = {C9879AEB-971E-48A2-B481-9B0F1DEC9EF8}
		{E2DC2F98-DEE8-49BA-9FCA-7C3AC0C41AB9} = {A75EBB25-8320-4A4F-B75B-9A9F824E7480}
		{60CA6574-0961-4E29-A7EB-A271FA3CD66B} = {E2DC2F98-DEE8-49BA-9FCA-7C3AC0C41AB9}
		{2F7BF42E-1A6A-40C5-87F2-36B17A846593} = {A75EBB25-8320-4A4F-B75B-9A9F824E7480}
		{241C043D-89E6-4B78-878F-BF848850356E} = {2F7BF42E-1A6A-40C5-87F2-36B17A846593}
		{64D1B574-1478-4EB2-86A1-30206E9E3E96} = {241C043D-89E6-4B78-878F-BF848850356E}
		{B1931F5B-8BF6-4EE0-BAEA-95D4A44C94E5} = {16435B08-236A-46D9-B01A-FC1227381168}
		{900AEDBA-60FC-4BC5-A123-513DEBFEDAA9} = {9C63B983-915F-4483-9222-972A5E7E798C}
		{EC60D2AB-8CBC-4877-8085-6E807EF0BB86} = {0AA61616-6742-4B90-BA97-6A11E6B90D48}
		{3F2AA80A-BF6E-4FC9-95DD-30A7BC65E1B6} = {8136EA22-2D38-4018-8DA5-2C71B2BD64FF}
		{D94A166D-2CAD-45E6-98BB-D47C7E7ADD44} = {8136EA22-2D38-4018-8DA5-2C71B2BD64FF}
		{14CB8B24-3F2F-40F8-B708-FAB96E8D6BF8} = {0AA61616-6742-4B90-BA97-6A11E6B90D48}
		{4F28EB69-121C-4EC6-813C-16661735BB0D} = {C9879AEB-971E-48A2-B481-9B0F1DEC9EF8}
	EndGlobalSection
	GlobalSection(ExtensibilityGlobals) = postSolution
		SolutionGuid = {BF99C4F2-B7E2-4955-8723-08F2684FC7B7}
	EndGlobalSection
EndGlobal
